
Microsoft Visual Studio Solution File, Format Version 12.00
# Visual Studio Version 17
VisualStudioVersion = 17.11.35312.102
MinimumVisualStudioVersion = 10.0.40219.1
Project("{9A19103F-16F7-4668-BE54-9A1E7A4F7556}") = "Malarkey.Application", "Malarkey.Application\Malarkey.Application.csproj", "{D7087605-2585-4E4B-A504-C53C19FAB089}"
EndProject
Project("{9A19103F-16F7-4668-BE54-9A1E7A4F7556}") = "Malarkey.Integration", "Malarkey.Integration\Malarkey.Integration.csproj", "{D8CE544E-293F-4ACF-A680-515532AA6F64}"
EndProject
Project("{9A19103F-16F7-4668-BE54-9A1E7A4F7556}") = "Malarkey.UI", "Malarkey.UI\Malarkey.UI.csproj", "{46C12AA0-B232-4B98-80DE-FF7149FCC9D0}"
EndProject
Project("{9A19103F-16F7-4668-BE54-9A1E7A4F7556}") = "Malarkey.API", "Malarkey.API\Malarkey.API.csproj", "{6E632400-8A19-4402-B499-5FD988733918}"
EndProject
Project("{E53339B2-1760-4266-BCC7-CA923CBCF16C}") = "docker-compose", "docker-compose.dcproj", "{84202F64-5677-4283-878A-E61A1CF77C0D}"
EndProject
Project("{FAE04EC0-301F-11D3-BF4B-00C04F79EFBC}") = "Malarkey.Persistence", "Malarkey.Persistence\Malarkey.Persistence.csproj", "{16BFABE8-A02B-4D45-9B90-935C8A66273B}"
EndProject
Project("{2150E333-8FDC-42A3-9474-1A3956D46DE8}") = "K8S", "K8S", "{51D360FB-7621-46F1-9C36-0D6E30BB9C09}"
	ProjectSection(SolutionItems) = preProject
		malarkey.config.yaml = malarkey.config.yaml
		.k8s\malarkey.deployment.yaml = .k8s\malarkey.deployment.yaml
		.k8s\malarkey.service.yaml = .k8s\malarkey.service.yaml
	EndProjectSection
EndProject
Project("{FAE04EC0-301F-11D3-BF4B-00C04F79EFBC}") = "Malarkey.Client", "Malarkey.Client\Malarkey.Client.csproj", "{AD5CC0E9-7E00-4DAB-B590-D72616FB3CB7}"
EndProject
Project("{FAE04EC0-301F-11D3-BF4B-00C04F79EFBC}") = "Malarkey.Abstractions", "Malarkey.Abstractions\Malarkey.Abstractions.csproj", "{156E4109-91D6-49F4-ADF7-6947CF1158DA}"
EndProject
Project("{FAE04EC0-301F-11D3-BF4B-00C04F79EFBC}") = "Malarkey.Server", "Malarkey.Server\Malarkey.Server.csproj", "{69EC1AAC-D186-4DF4-94C9-C26B421A55F8}"
EndProject
Global
	GlobalSection(SolutionConfigurationPlatforms) = preSolution
		Debug|Any CPU = Debug|Any CPU
		Release|Any CPU = Release|Any CPU
	EndGlobalSection
	GlobalSection(ProjectConfigurationPlatforms) = postSolution
		{D7087605-2585-4E4B-A504-C53C19FAB089}.Debug|Any CPU.ActiveCfg = Debug|Any CPU
		{D7087605-2585-4E4B-A504-C53C19FAB089}.Debug|Any CPU.Build.0 = Debug|Any CPU
		{D7087605-2585-4E4B-A504-C53C19FAB089}.Release|Any CPU.ActiveCfg = Release|Any CPU
		{D7087605-2585-4E4B-A504-C53C19FAB089}.Release|Any CPU.Build.0 = Release|Any CPU
		{D8CE544E-293F-4ACF-A680-515532AA6F64}.Debug|Any CPU.ActiveCfg = Debug|Any CPU
		{D8CE544E-293F-4ACF-A680-515532AA6F64}.Debug|Any CPU.Build.0 = Debug|Any CPU
		{D8CE544E-293F-4ACF-A680-515532AA6F64}.Release|Any CPU.ActiveCfg = Release|Any CPU
		{D8CE544E-293F-4ACF-A680-515532AA6F64}.Release|Any CPU.Build.0 = Release|Any CPU
		{46C12AA0-B232-4B98-80DE-FF7149FCC9D0}.Debug|Any CPU.ActiveCfg = Debug|Any CPU
		{46C12AA0-B232-4B98-80DE-FF7149FCC9D0}.Debug|Any CPU.Build.0 = Debug|Any CPU
		{46C12AA0-B232-4B98-80DE-FF7149FCC9D0}.Release|Any CPU.ActiveCfg = Release|Any CPU
		{46C12AA0-B232-4B98-80DE-FF7149FCC9D0}.Release|Any CPU.Build.0 = Release|Any CPU
		{6E632400-8A19-4402-B499-5FD988733918}.Debug|Any CPU.ActiveCfg = Debug|Any CPU
		{6E632400-8A19-4402-B499-5FD988733918}.Debug|Any CPU.Build.0 = Debug|Any CPU
		{6E632400-8A19-4402-B499-5FD988733918}.Release|Any CPU.ActiveCfg = Release|Any CPU
		{6E632400-8A19-4402-B499-5FD988733918}.Release|Any CPU.Build.0 = Release|Any CPU
		{84202F64-5677-4283-878A-E61A1CF77C0D}.Debug|Any CPU.ActiveCfg = Debug|Any CPU
		{84202F64-5677-4283-878A-E61A1CF77C0D}.Debug|Any CPU.Build.0 = Debug|Any CPU
		{84202F64-5677-4283-878A-E61A1CF77C0D}.Release|Any CPU.ActiveCfg = Release|Any CPU
		{84202F64-5677-4283-878A-E61A1CF77C0D}.Release|Any CPU.Build.0 = Release|Any CPU
		{16BFABE8-A02B-4D45-9B90-935C8A66273B}.Debug|Any CPU.ActiveCfg = Debug|Any CPU
		{16BFABE8-A02B-4D45-9B90-935C8A66273B}.Debug|Any CPU.Build.0 = Debug|Any CPU
		{16BFABE8-A02B-4D45-9B90-935C8A66273B}.Release|Any CPU.ActiveCfg = Release|Any CPU
		{16BFABE8-A02B-4D45-9B90-935C8A66273B}.Release|Any CPU.Build.0 = Release|Any CPU
		{AD5CC0E9-7E00-4DAB-B590-D72616FB3CB7}.Debug|Any CPU.ActiveCfg = Debug|Any CPU
		{AD5CC0E9-7E00-4DAB-B590-D72616FB3CB7}.Debug|Any CPU.Build.0 = Debug|Any CPU
		{AD5CC0E9-7E00-4DAB-B590-D72616FB3CB7}.Release|Any CPU.ActiveCfg = Release|Any CPU
		{AD5CC0E9-7E00-4DAB-B590-D72616FB3CB7}.Release|Any CPU.Build.0 = Release|Any CPU
		{156E4109-91D6-49F4-ADF7-6947CF1158DA}.Debug|Any CPU.ActiveCfg = Debug|Any CPU
		{156E4109-91D6-49F4-ADF7-6947CF1158DA}.Debug|Any CPU.Build.0 = Debug|Any CPU
		{156E4109-91D6-49F4-ADF7-6947CF1158DA}.Release|Any CPU.ActiveCfg = Release|Any CPU
		{156E4109-91D6-49F4-ADF7-6947CF1158DA}.Release|Any CPU.Build.0 = Release|Any CPU
		{69EC1AAC-D186-4DF4-94C9-C26B421A55F8}.Debug|Any CPU.ActiveCfg = Debug|Any CPU
		{69EC1AAC-D186-4DF4-94C9-C26B421A55F8}.Debug|Any CPU.Build.0 = Debug|Any CPU
		{69EC1AAC-D186-4DF4-94C9-C26B421A55F8}.Release|Any CPU.ActiveCfg = Release|Any CPU
		{69EC1AAC-D186-4DF4-94C9-C26B421A55F8}.Release|Any CPU.Build.0 = Release|Any CPU
	EndGlobalSection
	GlobalSection(SolutionProperties) = preSolution
		HideSolutionNode = FALSE
	EndGlobalSection
	GlobalSection(ExtensibilityGlobals) = postSolution
		SolutionGuid = {D3ADE7B4-BAFA-4241-A158-A05296E83445}
	EndGlobalSection
EndGlobal
